# This file is automatically @generated by Poetry 1.5.1 and should not be changed by hand.

[[package]]
name = "asgiref"
version = "3.7.2"
description = "ASGI specs, helper code, and adapters"
optional = false
python-versions = ">=3.7"
files = [
    {file = "asgiref-3.7.2-py3-none-any.whl", hash = "sha256:89b2ef2247e3b562a16eef663bc0e2e703ec6468e2fa8a5cd61cd449786d4f6e"},
    {file = "asgiref-3.7.2.tar.gz", hash = "sha256:9e0ce3aa93a819ba5b45120216b23878cf6e8525eb3848653452b4192b92afed"},
]

[package.extras]
tests = ["mypy (>=0.800)", "pytest", "pytest-asyncio"]

[[package]]
name = "django"
version = "4.2.4"
description = "A high-level Python web framework that encourages rapid development and clean, pragmatic design."
optional = false
python-versions = ">=3.8"
files = [
    {file = "Django-4.2.4-py3-none-any.whl", hash = "sha256:860ae6a138a238fc4f22c99b52f3ead982bb4b1aad8c0122bcd8c8a3a02e409d"},
    {file = "Django-4.2.4.tar.gz", hash = "sha256:7e4225ec065e0f354ccf7349a22d209de09cc1c074832be9eb84c51c1799c432"},
]

[package.dependencies]
asgiref = ">=3.6.0,<4"
sqlparse = ">=0.3.1"
tzdata = {version = "*", markers = "sys_platform == \"win32\""}

[package.extras]
argon2 = ["argon2-cffi (>=19.1.0)"]
bcrypt = ["bcrypt"]

[[package]]
name = "django-filter"
version = "23.2"
description = "Django-filter is a reusable Django application for allowing users to filter querysets dynamically."
optional = false
python-versions = ">=3.7"
files = [
    {file = "django-filter-23.2.tar.gz", hash = "sha256:2fe15f78108475eda525692813205fa6f9e8c1caf1ae65daa5862d403c6dbf00"},
    {file = "django_filter-23.2-py3-none-any.whl", hash = "sha256:d12d8e0fc6d3eb26641e553e5d53b191eb8cec611427d4bdce0becb1f7c172b5"},
]

[package.dependencies]
Django = ">=3.2"

[[package]]
name = "django-ninja"
version = "0.22.2"
description = "Django Ninja - Fast Django REST framework"
optional = false
python-versions = ">=3.7"
files = [
    {file = "django_ninja-0.22.2-py3-none-any.whl", hash = "sha256:c53b098a8190f373ea2605c276a6061d48b2626500a9c6b9916c503e4b4a20eb"},
    {file = "django_ninja-0.22.2.tar.gz", hash = "sha256:913ebde7571d6a6968c9ac0b9e8a24680c46444d44fdd552f8831dbeede1292c"},
]

[package.dependencies]
Django = ">=2.2"
pydantic = ">=1.6,<2.0.0"

[package.extras]
dev = ["pre-commit"]
doc = ["markdown-include", "mkdocs", "mkdocs-material", "mkdocstrings"]
test = ["black", "django-stubs", "flake8", "isort", "mypy (==0.931)", "psycopg2-binary", "pytest", "pytest-asyncio", "pytest-cov", "pytest-django"]

[[package]]
name = "djangorestframework"
version = "3.14.0"
description = "Web APIs for Django, made easy."
optional = false
python-versions = ">=3.6"
files = [
    {file = "djangorestframework-3.14.0-py3-none-any.whl", hash = "sha256:eb63f58c9f218e1a7d064d17a70751f528ed4e1d35547fdade9aaf4cd103fd08"},
    {file = "djangorestframework-3.14.0.tar.gz", hash = "sha256:579a333e6256b09489cbe0a067e66abe55c6595d8926be6b99423786334350c8"},
]

[package.dependencies]
django = ">=3.0"
pytz = "*"

[[package]]
name = "dnspython"
version = "2.4.2"
description = "DNS toolkit"
optional = false
python-versions = ">=3.8,<4.0"
files = [
    {file = "dnspython-2.4.2-py3-none-any.whl", hash = "sha256:57c6fbaaeaaf39c891292012060beb141791735dbb4004798328fc2c467402d8"},
    {file = "dnspython-2.4.2.tar.gz", hash = "sha256:8dcfae8c7460a2f84b4072e26f1c9f4101ca20c071649cb7c34e8b6a93d58984"},
]

[package.extras]
dnssec = ["cryptography (>=2.6,<42.0)"]
doh = ["h2 (>=4.1.0)", "httpcore (>=0.17.3)", "httpx (>=0.24.1)"]
doq = ["aioquic (>=0.9.20)"]
idna = ["idna (>=2.1,<4.0)"]
trio = ["trio (>=0.14,<0.23)"]
wmi = ["wmi (>=1.5.1,<2.0.0)"]

[[package]]
name = "markdown"
version = "3.4.4"
description = "Python implementation of John Gruber's Markdown."
optional = false
python-versions = ">=3.7"
files = [
    {file = "Markdown-3.4.4-py3-none-any.whl", hash = "sha256:a4c1b65c0957b4bd9e7d86ddc7b3c9868fb9670660f6f99f6d1bca8954d5a941"},
    {file = "Markdown-3.4.4.tar.gz", hash = "sha256:225c6123522495d4119a90b3a3ba31a1e87a70369e03f14799ea9c0d7183a3d6"},
]

[package.extras]
docs = ["mdx-gh-links (>=0.2)", "mkdocs (>=1.0)", "mkdocs-nature (>=0.4)"]
testing = ["coverage", "pyyaml"]

[[package]]
name = "pydantic"
version = "1.10.12"
description = "Data validation and settings management using python type hints"
optional = false
python-versions = ">=3.7"
files = [
    {file = "pydantic-1.10.12-cp310-cp310-macosx_10_9_x86_64.whl", hash = "sha256:a1fcb59f2f355ec350073af41d927bf83a63b50e640f4dbaa01053a28b7a7718"},
    {file = "pydantic-1.10.12-cp310-cp310-macosx_11_0_arm64.whl", hash = "sha256:b7ccf02d7eb340b216ec33e53a3a629856afe1c6e0ef91d84a4e6f2fb2ca70fe"},
    {file = "pydantic-1.10.12-cp310-cp310-manylinux_2_17_x86_64.manylinux2014_x86_64.whl", hash = "sha256:8fb2aa3ab3728d950bcc885a2e9eff6c8fc40bc0b7bb434e555c215491bcf48b"},
    {file = "pydantic-1.10.12-cp310-cp310-manylinux_2_5_i686.manylinux1_i686.manylinux_2_17_i686.manylinux2014_i686.whl", hash = "sha256:771735dc43cf8383959dc9b90aa281f0b6092321ca98677c5fb6125a6f56d58d"},
    {file = "pydantic-1.10.12-cp310-cp310-musllinux_1_1_i686.whl", hash = "sha256:ca48477862372ac3770969b9d75f1bf66131d386dba79506c46d75e6b48c1e09"},
    {file = "pydantic-1.10.12-cp310-cp310-musllinux_1_1_x86_64.whl", hash = "sha256:a5e7add47a5b5a40c49b3036d464e3c7802f8ae0d1e66035ea16aa5b7a3923ed"},
    {file = "pydantic-1.10.12-cp310-cp310-win_amd64.whl", hash = "sha256:e4129b528c6baa99a429f97ce733fff478ec955513630e61b49804b6cf9b224a"},
    {file = "pydantic-1.10.12-cp311-cp311-macosx_10_9_x86_64.whl", hash = "sha256:b0d191db0f92dfcb1dec210ca244fdae5cbe918c6050b342d619c09d31eea0cc"},
    {file = "pydantic-1.10.12-cp311-cp311-macosx_11_0_arm64.whl", hash = "sha256:795e34e6cc065f8f498c89b894a3c6da294a936ee71e644e4bd44de048af1405"},
    {file = "pydantic-1.10.12-cp311-cp311-manylinux_2_17_x86_64.manylinux2014_x86_64.whl", hash = "sha256:69328e15cfda2c392da4e713443c7dbffa1505bc9d566e71e55abe14c97ddc62"},
    {file = "pydantic-1.10.12-cp311-cp311-manylinux_2_5_i686.manylinux1_i686.manylinux_2_17_i686.manylinux2014_i686.whl", hash = "sha256:2031de0967c279df0d8a1c72b4ffc411ecd06bac607a212892757db7462fc494"},
    {file = "pydantic-1.10.12-cp311-cp311-musllinux_1_1_i686.whl", hash = "sha256:ba5b2e6fe6ca2b7e013398bc7d7b170e21cce322d266ffcd57cca313e54fb246"},
    {file = "pydantic-1.10.12-cp311-cp311-musllinux_1_1_x86_64.whl", hash = "sha256:2a7bac939fa326db1ab741c9d7f44c565a1d1e80908b3797f7f81a4f86bc8d33"},
    {file = "pydantic-1.10.12-cp311-cp311-win_amd64.whl", hash = "sha256:87afda5539d5140cb8ba9e8b8c8865cb5b1463924d38490d73d3ccfd80896b3f"},
    {file = "pydantic-1.10.12-cp37-cp37m-macosx_10_9_x86_64.whl", hash = "sha256:549a8e3d81df0a85226963611950b12d2d334f214436a19537b2efed61b7639a"},
    {file = "pydantic-1.10.12-cp37-cp37m-manylinux_2_17_x86_64.manylinux2014_x86_64.whl", hash = "sha256:598da88dfa127b666852bef6d0d796573a8cf5009ffd62104094a4fe39599565"},
    {file = "pydantic-1.10.12-cp37-cp37m-manylinux_2_5_i686.manylinux1_i686.manylinux_2_17_i686.manylinux2014_i686.whl", hash = "sha256:ba5c4a8552bff16c61882db58544116d021d0b31ee7c66958d14cf386a5b5350"},
    {file = "pydantic-1.10.12-cp37-cp37m-musllinux_1_1_i686.whl", hash = "sha256:c79e6a11a07da7374f46970410b41d5e266f7f38f6a17a9c4823db80dadf4303"},
    {file = "pydantic-1.10.12-cp37-cp37m-musllinux_1_1_x86_64.whl", hash = "sha256:ab26038b8375581dc832a63c948f261ae0aa21f1d34c1293469f135fa92972a5"},
    {file = "pydantic-1.10.12-cp37-cp37m-win_amd64.whl", hash = "sha256:e0a16d274b588767602b7646fa05af2782576a6cf1022f4ba74cbb4db66f6ca8"},
    {file = "pydantic-1.10.12-cp38-cp38-macosx_10_9_x86_64.whl", hash = "sha256:6a9dfa722316f4acf4460afdf5d41d5246a80e249c7ff475c43a3a1e9d75cf62"},
    {file = "pydantic-1.10.12-cp38-cp38-macosx_11_0_arm64.whl", hash = "sha256:a73f489aebd0c2121ed974054cb2759af8a9f747de120acd2c3394cf84176ccb"},
    {file = "pydantic-1.10.12-cp38-cp38-manylinux_2_17_x86_64.manylinux2014_x86_64.whl", hash = "sha256:6b30bcb8cbfccfcf02acb8f1a261143fab622831d9c0989707e0e659f77a18e0"},
    {file = "pydantic-1.10.12-cp38-cp38-manylinux_2_5_i686.manylinux1_i686.manylinux_2_17_i686.manylinux2014_i686.whl", hash = "sha256:2fcfb5296d7877af406ba1547dfde9943b1256d8928732267e2653c26938cd9c"},
    {file = "pydantic-1.10.12-cp38-cp38-musllinux_1_1_i686.whl", hash = "sha256:2f9a6fab5f82ada41d56b0602606a5506aab165ca54e52bc4545028382ef1c5d"},
    {file = "pydantic-1.10.12-cp38-cp38-musllinux_1_1_x86_64.whl", hash = "sha256:dea7adcc33d5d105896401a1f37d56b47d443a2b2605ff8a969a0ed5543f7e33"},
    {file = "pydantic-1.10.12-cp38-cp38-win_amd64.whl", hash = "sha256:1eb2085c13bce1612da8537b2d90f549c8cbb05c67e8f22854e201bde5d98a47"},
    {file = "pydantic-1.10.12-cp39-cp39-macosx_10_9_x86_64.whl", hash = "sha256:ef6c96b2baa2100ec91a4b428f80d8f28a3c9e53568219b6c298c1125572ebc6"},
    {file = "pydantic-1.10.12-cp39-cp39-macosx_11_0_arm64.whl", hash = "sha256:6c076be61cd0177a8433c0adcb03475baf4ee91edf5a4e550161ad57fc90f523"},
    {file = "pydantic-1.10.12-cp39-cp39-manylinux_2_17_x86_64.manylinux2014_x86_64.whl", hash = "sha256:2d5a58feb9a39f481eda4d5ca220aa8b9d4f21a41274760b9bc66bfd72595b86"},
    {file = "pydantic-1.10.12-cp39-cp39-manylinux_2_5_i686.manylinux1_i686.manylinux_2_17_i686.manylinux2014_i686.whl", hash = "sha256:e5f805d2d5d0a41633651a73fa4ecdd0b3d7a49de4ec3fadf062fe16501ddbf1"},
    {file = "pydantic-1.10.12-cp39-cp39-musllinux_1_1_i686.whl", hash = "sha256:1289c180abd4bd4555bb927c42ee42abc3aee02b0fb2d1223fb7c6e5bef87dbe"},
    {file = "pydantic-1.10.12-cp39-cp39-musllinux_1_1_x86_64.whl", hash = "sha256:5d1197e462e0364906cbc19681605cb7c036f2475c899b6f296104ad42b9f5fb"},
    {file = "pydantic-1.10.12-cp39-cp39-win_amd64.whl", hash = "sha256:fdbdd1d630195689f325c9ef1a12900524dceb503b00a987663ff4f58669b93d"},
    {file = "pydantic-1.10.12-py3-none-any.whl", hash = "sha256:b749a43aa51e32839c9d71dc67eb1e4221bb04af1033a32e3923d46f9effa942"},
    {file = "pydantic-1.10.12.tar.gz", hash = "sha256:0fe8a415cea8f340e7a9af9c54fc71a649b43e8ca3cc732986116b3cb135d303"},
]

[package.dependencies]
typing-extensions = ">=4.2.0"

[package.extras]
dotenv = ["python-dotenv (>=0.10.4)"]
email = ["email-validator (>=1.0.3)"]

[[package]]
name = "pykerberos"
version = "1.2.4"
description = "High-level interface to Kerberos"
optional = false
python-versions = "*"
files = [
    {file = "pykerberos-1.2.4.tar.gz", hash = "sha256:9d701ebd8fc596c99d3155d5ba45813bd5908d26ef83ba0add250edb622abed4"},
]

[[package]]
name = "pymongo"
version = "4.5.0"
description = "Python driver for MongoDB <http://www.mongodb.org>"
optional = false
python-versions = ">=3.7"
files = [
    {file = "pymongo-4.5.0-cp310-cp310-macosx_10_9_universal2.whl", hash = "sha256:2d4fa1b01fa7e5b7bb8d312e3542e211b320eb7a4e3d8dc884327039d93cb9e0"},
    {file = "pymongo-4.5.0-cp310-cp310-manylinux1_i686.whl", hash = "sha256:dfcd2b9f510411de615ccedd47462dae80e82fdc09fe9ab0f0f32f11cf57eeb5"},
    {file = "pymongo-4.5.0-cp310-cp310-manylinux2014_aarch64.whl", hash = "sha256:3e33064f1984db412b34d51496f4ea785a9cff621c67de58e09fb28da6468a52"},
    {file = "pymongo-4.5.0-cp310-cp310-manylinux2014_i686.whl", hash = "sha256:33faa786cc907de63f745f587e9879429b46033d7d97a7b84b37f4f8f47b9b32"},
    {file = "pymongo-4.5.0-cp310-cp310-manylinux2014_ppc64le.whl", hash = "sha256:76a262c41c1a7cbb84a3b11976578a7eb8e788c4b7bfbd15c005fb6ca88e6e50"},
    {file = "pymongo-4.5.0-cp310-cp310-manylinux2014_s390x.whl", hash = "sha256:0f4b125b46fe377984fbaecf2af40ed48b05a4b7676a2ff98999f2016d66b3ec"},
    {file = "pymongo-4.5.0-cp310-cp310-manylinux2014_x86_64.whl", hash = "sha256:40d5f6e853ece9bfc01e9129b228df446f49316a4252bb1fbfae5c3c9dedebad"},
    {file = "pymongo-4.5.0-cp310-cp310-manylinux_2_17_aarch64.manylinux2014_aarch64.whl", hash = "sha256:152259f0f1a60f560323aacf463a3642a65a25557683f49cfa08c8f1ecb2395a"},
    {file = "pymongo-4.5.0-cp310-cp310-manylinux_2_17_ppc64le.manylinux2014_ppc64le.whl", hash = "sha256:6d64878d1659d2a5bdfd0f0a4d79bafe68653c573681495e424ab40d7b6d6d41"},
    {file = "pymongo-4.5.0-cp310-cp310-manylinux_2_17_s390x.manylinux2014_s390x.whl", hash = "sha256:f1bb3a62395ffe835dbef3a1cbff48fbcce709c78bd1f52e896aee990928432b"},
    {file = "pymongo-4.5.0-cp310-cp310-manylinux_2_17_x86_64.manylinux2014_x86_64.whl", hash = "sha256:fe48f50fb6348511a3268a893bfd4ab5f263f5ac220782449d03cd05964d1ae7"},
    {file = "pymongo-4.5.0-cp310-cp310-manylinux_2_5_i686.manylinux1_i686.manylinux_2_17_i686.manylinux2014_i686.whl", hash = "sha256:7591a3beea6a9a4fa3080d27d193b41f631130e3ffa76b88c9ccea123f26dc59"},
    {file = "pymongo-4.5.0-cp310-cp310-win32.whl", hash = "sha256:3a7166d57dc74d679caa7743b8ecf7dc3a1235a9fd178654dddb2b2a627ae229"},
    {file = "pymongo-4.5.0-cp310-cp310-win_amd64.whl", hash = "sha256:21b953da14549ff62ea4ae20889c71564328958cbdf880c64a92a48dda4c9c53"},
    {file = "pymongo-4.5.0-cp311-cp311-macosx_10_9_universal2.whl", hash = "sha256:ead4f19d0257a756b21ac2e0e85a37a7245ddec36d3b6008d5bfe416525967dc"},
    {file = "pymongo-4.5.0-cp311-cp311-manylinux_2_17_aarch64.manylinux2014_aarch64.whl", hash = "sha256:9aff6279e405dc953eeb540ab061e72c03cf38119613fce183a8e94f31be608f"},
    {file = "pymongo-4.5.0-cp311-cp311-manylinux_2_17_ppc64le.manylinux2014_ppc64le.whl", hash = "sha256:cd4c8d6aa91d3e35016847cbe8d73106e3d1c9a4e6578d38e2c346bfe8edb3ca"},
    {file = "pymongo-4.5.0-cp311-cp311-manylinux_2_17_s390x.manylinux2014_s390x.whl", hash = "sha256:08819da7864f9b8d4a95729b2bea5fffed08b63d3b9c15b4fea47de655766cf5"},
    {file = "pymongo-4.5.0-cp311-cp311-manylinux_2_17_x86_64.manylinux2014_x86_64.whl", hash = "sha256:a253b765b7cbc4209f1d8ee16c7287c4268d3243070bf72d7eec5aa9dfe2a2c2"},
    {file = "pymongo-4.5.0-cp311-cp311-manylinux_2_5_i686.manylinux1_i686.manylinux_2_17_i686.manylinux2014_i686.whl", hash = "sha256:8027c9063579083746147cf401a7072a9fb6829678076cd3deff28bb0e0f50c8"},
    {file = "pymongo-4.5.0-cp311-cp311-win32.whl", hash = "sha256:9d2346b00af524757576cc2406414562cced1d4349c92166a0ee377a2a483a80"},
    {file = "pymongo-4.5.0-cp311-cp311-win_amd64.whl", hash = "sha256:c3c3525ea8658ee1192cdddf5faf99b07ebe1eeaa61bf32821126df6d1b8072b"},
    {file = "pymongo-4.5.0-cp312-cp312-macosx_10_9_universal2.whl", hash = "sha256:e5a27f348909235a106a3903fc8e70f573d89b41d723a500869c6569a391cff7"},
    {file = "pymongo-4.5.0-cp312-cp312-manylinux_2_17_aarch64.manylinux2014_aarch64.whl", hash = "sha256:c9a9a39b7cac81dca79fca8c2a6479ef4c7b1aab95fad7544cc0e8fd943595a2"},
    {file = "pymongo-4.5.0-cp312-cp312-manylinux_2_17_ppc64le.manylinux2014_ppc64le.whl", hash = "sha256:496c9cbcb4951183d4503a9d7d2c1e3694aab1304262f831d5e1917e60386036"},
    {file = "pymongo-4.5.0-cp312-cp312-manylinux_2_17_s390x.manylinux2014_s390x.whl", hash = "sha256:23cc6d7eb009c688d70da186b8f362d61d5dd1a2c14a45b890bd1e91e9c451f2"},
    {file = "pymongo-4.5.0-cp312-cp312-manylinux_2_17_x86_64.manylinux2014_x86_64.whl", hash = "sha256:fff7d17d30b2cd45afd654b3fc117755c5d84506ed25fda386494e4e0a3416e1"},
    {file = "pymongo-4.5.0-cp312-cp312-manylinux_2_5_i686.manylinux1_i686.manylinux_2_17_i686.manylinux2014_i686.whl", hash = "sha256:6422b6763b016f2ef2beedded0e546d6aa6ba87910f9244d86e0ac7690f75c96"},
    {file = "pymongo-4.5.0-cp312-cp312-win32.whl", hash = "sha256:77cfff95c1fafd09e940b3fdcb7b65f11442662fad611d0e69b4dd5d17a81c60"},
    {file = "pymongo-4.5.0-cp312-cp312-win_amd64.whl", hash = "sha256:e57d859b972c75ee44ea2ef4758f12821243e99de814030f69a3decb2aa86807"},
    {file = "pymongo-4.5.0-cp37-cp37m-manylinux1_i686.whl", hash = "sha256:2b0176f9233a5927084c79ff80b51bd70bfd57e4f3d564f50f80238e797f0c8a"},
    {file = "pymongo-4.5.0-cp37-cp37m-manylinux1_x86_64.whl", hash = "sha256:89b3f2da57a27913d15d2a07d58482f33d0a5b28abd20b8e643ab4d625e36257"},
    {file = "pymongo-4.5.0-cp37-cp37m-manylinux2014_aarch64.whl", hash = "sha256:5caee7bd08c3d36ec54617832b44985bd70c4cbd77c5b313de6f7fce0bb34f93"},
    {file = "pymongo-4.5.0-cp37-cp37m-manylinux2014_i686.whl", hash = "sha256:1d40ad09d9f5e719bc6f729cc6b17f31c0b055029719406bd31dde2f72fca7e7"},
    {file = "pymongo-4.5.0-cp37-cp37m-manylinux2014_ppc64le.whl", hash = "sha256:076afa0a4a96ca9f77fec0e4a0d241200b3b3a1766f8d7be9a905ecf59a7416b"},
    {file = "pymongo-4.5.0-cp37-cp37m-manylinux2014_s390x.whl", hash = "sha256:3fa3648e4f1e63ddfe53563ee111079ea3ab35c3b09cd25bc22dadc8269a495f"},
    {file = "pymongo-4.5.0-cp37-cp37m-manylinux2014_x86_64.whl", hash = "sha256:44ee985194c426ddf781fa784f31ffa29cb59657b2dba09250a4245431847d73"},
    {file = "pymongo-4.5.0-cp37-cp37m-manylinux_2_17_aarch64.manylinux2014_aarch64.whl", hash = "sha256:b33c17d9e694b66d7e96977e9e56df19d662031483efe121a24772a44ccbbc7e"},
    {file = "pymongo-4.5.0-cp37-cp37m-manylinux_2_17_ppc64le.manylinux2014_ppc64le.whl", hash = "sha256:3d79ae3bb1ff041c0db56f138c88ce1dfb0209f3546d8d6e7c3f74944ecd2439"},
    {file = "pymongo-4.5.0-cp37-cp37m-manylinux_2_17_s390x.manylinux2014_s390x.whl", hash = "sha256:d67225f05f6ea27c8dc57f3fa6397c96d09c42af69d46629f71e82e66d33fa4f"},
    {file = "pymongo-4.5.0-cp37-cp37m-manylinux_2_17_x86_64.manylinux2014_x86_64.whl", hash = "sha256:41771b22dd2822540f79a877c391283d4e6368125999a5ec8beee1ce566f3f82"},
    {file = "pymongo-4.5.0-cp37-cp37m-manylinux_2_5_i686.manylinux1_i686.manylinux_2_17_i686.manylinux2014_i686.whl", hash = "sha256:0a1f26bc1f5ce774d99725773901820dfdfd24e875028da4a0252a5b48dcab5c"},
    {file = "pymongo-4.5.0-cp37-cp37m-manylinux_2_5_i686.manylinux1_i686.whl", hash = "sha256:3236cf89d69679eaeb9119c840f5c7eb388a2110b57af6bb6baf01a1da387c18"},
    {file = "pymongo-4.5.0-cp37-cp37m-manylinux_2_5_x86_64.manylinux1_x86_64.whl", hash = "sha256:e1f61355c821e870fb4c17cdb318669cfbcf245a291ce5053b41140870c3e5cc"},
    {file = "pymongo-4.5.0-cp37-cp37m-win32.whl", hash = "sha256:49dce6957598975d8b8d506329d2a3a6c4aee911fa4bbcf5e52ffc6897122950"},
    {file = "pymongo-4.5.0-cp37-cp37m-win_amd64.whl", hash = "sha256:f2227a08b091bd41df5aadee0a5037673f691e2aa000e1968b1ea2342afc6880"},
    {file = "pymongo-4.5.0-cp38-cp38-macosx_11_0_universal2.whl", hash = "sha256:435228d3c16a375274ac8ab9c4f9aef40c5e57ddb8296e20ecec9e2461da1017"},
    {file = "pymongo-4.5.0-cp38-cp38-manylinux1_i686.whl", hash = "sha256:8e559116e4128630ad3b7e788e2e5da81cbc2344dee246af44471fa650486a70"},
    {file = "pymongo-4.5.0-cp38-cp38-manylinux1_x86_64.whl", hash = "sha256:840eaf30ccac122df260b6005f9dfae4ac287c498ee91e3e90c56781614ca238"},
    {file = "pymongo-4.5.0-cp38-cp38-manylinux2014_aarch64.whl", hash = "sha256:b4fe46b58010115514b842c669a0ed9b6a342017b15905653a5b1724ab80917f"},
    {file = "pymongo-4.5.0-cp38-cp38-manylinux2014_i686.whl", hash = "sha256:a8127437ebc196a6f5e8fddd746bd0903a400dc6b5ae35df672dd1ccc7170a2a"},
    {file = "pymongo-4.5.0-cp38-cp38-manylinux2014_ppc64le.whl", hash = "sha256:2988ef5e6b360b3ff1c6d55c53515499de5f48df31afd9f785d788cdacfbe2d3"},
    {file = "pymongo-4.5.0-cp38-cp38-manylinux2014_s390x.whl", hash = "sha256:e249190b018d63c901678053b4a43e797ca78b93fb6d17633e3567d4b3ec6107"},
    {file = "pymongo-4.5.0-cp38-cp38-manylinux2014_x86_64.whl", hash = "sha256:1240edc1a448d4ada4bf1a0e55550b6292420915292408e59159fd8bbdaf8f63"},
    {file = "pymongo-4.5.0-cp38-cp38-manylinux_2_17_aarch64.manylinux2014_aarch64.whl", hash = "sha256:b6d2a56fc2354bb6378f3634402eec788a8f3facf0b3e7d468db5f2b5a78d763"},
    {file = "pymongo-4.5.0-cp38-cp38-manylinux_2_17_ppc64le.manylinux2014_ppc64le.whl", hash = "sha256:2a0aade2b11dc0c326ccd429ee4134d2d47459ff68d449c6d7e01e74651bd255"},
    {file = "pymongo-4.5.0-cp38-cp38-manylinux_2_17_s390x.manylinux2014_s390x.whl", hash = "sha256:74c0da07c04d0781490b2915e7514b1adb265ef22af039a947988c331ee7455b"},
    {file = "pymongo-4.5.0-cp38-cp38-manylinux_2_17_x86_64.manylinux2014_x86_64.whl", hash = "sha256:f3754acbd7efc7f1b529039fcffc092a15e1cf045e31f22f6c9c5950c613ec4d"},
    {file = "pymongo-4.5.0-cp38-cp38-manylinux_2_5_i686.manylinux1_i686.manylinux_2_17_i686.manylinux2014_i686.whl", hash = "sha256:631492573a1bef2f74f9ac0f9d84e0ce422c251644cd81207530af4aa2ee1980"},
    {file = "pymongo-4.5.0-cp38-cp38-manylinux_2_5_i686.manylinux1_i686.whl", hash = "sha256:e2654d1278384cff75952682d17c718ecc1ad1d6227bb0068fd826ba47d426a5"},
    {file = "pymongo-4.5.0-cp38-cp38-manylinux_2_5_x86_64.manylinux1_x86_64.whl", hash = "sha256:168172ef7856e20ec024fe2a746bfa895c88b32720138e6438fd765ebd2b62dd"},
    {file = "pymongo-4.5.0-cp38-cp38-win32.whl", hash = "sha256:b25f7bea162b3dbec6d33c522097ef81df7c19a9300722fa6853f5b495aecb77"},
    {file = "pymongo-4.5.0-cp38-cp38-win_amd64.whl", hash = "sha256:b520aafc6cb148bac09ccf532f52cbd31d83acf4d3e5070d84efe3c019a1adbf"},
    {file = "pymongo-4.5.0-cp39-cp39-macosx_10_9_universal2.whl", hash = "sha256:8543253adfaa0b802bfa88386db1009c6ebb7d5684d093ee4edc725007553d21"},
    {file = "pymongo-4.5.0-cp39-cp39-manylinux1_i686.whl", hash = "sha256:bc5d8c3647b8ae28e4312f1492b8f29deebd31479cd3abaa989090fb1d66db83"},
    {file = "pymongo-4.5.0-cp39-cp39-manylinux1_x86_64.whl", hash = "sha256:505f8519c4c782a61d94a17b0da50be639ec462128fbd10ab0a34889218fdee3"},
    {file = "pymongo-4.5.0-cp39-cp39-manylinux2014_aarch64.whl", hash = "sha256:53f2dda54d76a98b43a410498bd12f6034b2a14b6844ca08513733b2b20b7ad8"},
    {file = "pymongo-4.5.0-cp39-cp39-manylinux2014_i686.whl", hash = "sha256:9c04b9560872fa9a91251030c488e0a73bce9321a70f991f830c72b3f8115d0d"},
    {file = "pymongo-4.5.0-cp39-cp39-manylinux2014_ppc64le.whl", hash = "sha256:58a63a26a1e3dc481dd3a18d6d9f8bd1d576cd1ffe0d479ba7dd38b0aeb20066"},
    {file = "pymongo-4.5.0-cp39-cp39-manylinux2014_s390x.whl", hash = "sha256:f076b779aa3dc179aa3ed861be063a313ed4e48ae9f6a8370a9b1295d4502111"},
    {file = "pymongo-4.5.0-cp39-cp39-manylinux2014_x86_64.whl", hash = "sha256:1b1d7d9aabd8629a31d63cd106d56cca0e6420f38e50563278b520f385c0d86e"},
    {file = "pymongo-4.5.0-cp39-cp39-manylinux_2_17_aarch64.manylinux2014_aarch64.whl", hash = "sha256:37df8f6006286a5896d1cbc3efb8471ced42e3568d38e6cb00857277047b0d63"},
    {file = "pymongo-4.5.0-cp39-cp39-manylinux_2_17_ppc64le.manylinux2014_ppc64le.whl", hash = "sha256:56320c401f544d762fc35766936178fbceb1d9261cd7b24fbfbc8fb6f67aa8a5"},
    {file = "pymongo-4.5.0-cp39-cp39-manylinux_2_17_s390x.manylinux2014_s390x.whl", hash = "sha256:bbd705d5f3c3d1ff2d169e418bb789ff07ab3c70d567cc6ba6b72b04b9143481"},
    {file = "pymongo-4.5.0-cp39-cp39-manylinux_2_17_x86_64.manylinux2014_x86_64.whl", hash = "sha256:80a167081c75cf66b32f30e2f1eaee9365af935a86dbd76788169911bed9b5d5"},
    {file = "pymongo-4.5.0-cp39-cp39-manylinux_2_5_i686.manylinux1_i686.manylinux_2_17_i686.manylinux2014_i686.whl", hash = "sha256:4c42748ccc451dfcd9cef6c5447a7ab727351fd9747ad431db5ebb18a9b78a4d"},
    {file = "pymongo-4.5.0-cp39-cp39-manylinux_2_5_i686.manylinux1_i686.whl", hash = "sha256:cf62da7a4cdec9a4b2981fcbd5e08053edffccf20e845c0b6ec1e77eb7fab61d"},
    {file = "pymongo-4.5.0-cp39-cp39-manylinux_2_5_x86_64.manylinux1_x86_64.whl", hash = "sha256:b5bbb87fa0511bd313d9a2c90294c88db837667c2bda2ea3fa7a35b59fd93b1f"},
    {file = "pymongo-4.5.0-cp39-cp39-win32.whl", hash = "sha256:465fd5b040206f8bce7016b01d7e7f79d2fcd7c2b8e41791be9632a9df1b4999"},
    {file = "pymongo-4.5.0-cp39-cp39-win_amd64.whl", hash = "sha256:63d8019eee119df308a075b8a7bdb06d4720bf791e2b73d5ab0e7473c115d79c"},
    {file = "pymongo-4.5.0.tar.gz", hash = "sha256:681f252e43b3ef054ca9161635f81b730f4d8cadd28b3f2b2004f5a72f853982"},
]

[package.dependencies]
dnspython = ">=1.16.0,<3.0.0"
pykerberos = {version = "*", optional = true, markers = "os_name != \"nt\" and extra == \"gssapi\""}
python-snappy = {version = "*", optional = true, markers = "extra == \"snappy\""}
winkerberos = {version = ">=0.5.0", optional = true, markers = "os_name == \"nt\" and extra == \"gssapi\""}

[package.extras]
aws = ["pymongo-auth-aws (<2.0.0)"]
encryption = ["certifi", "pymongo[aws]", "pymongocrypt (>=1.6.0,<2.0.0)"]
gssapi = ["pykerberos", "winkerberos (>=0.5.0)"]
ocsp = ["certifi", "cryptography (>=2.5)", "pyopenssl (>=17.2.0)", "requests (<3.0.0)", "service-identity (>=18.1.0)"]
snappy = ["python-snappy"]
zstd = ["zstandard"]

[[package]]
name = "python-snappy"
version = "0.6.1"
description = "Python library for the snappy compression library from Google"
optional = false
python-versions = "*"
files = [
    {file = "python-snappy-0.6.1.tar.gz", hash = "sha256:b6a107ab06206acc5359d4c5632bd9b22d448702a79b3169b0c62e0fb808bb2a"},
    {file = "python_snappy-0.6.1-cp310-cp310-macosx_10_9_universal2.whl", hash = "sha256:b7f920eaf46ebf41bd26f9df51c160d40f9e00b7b48471c3438cb8d027f7fb9b"},
    {file = "python_snappy-0.6.1-cp310-cp310-macosx_10_9_x86_64.whl", hash = "sha256:4ec533a8c1f8df797bded662ec3e494d225b37855bb63eb0d75464a07947477c"},
    {file = "python_snappy-0.6.1-cp310-cp310-manylinux_2_12_i686.manylinux2010_i686.whl", hash = "sha256:6f8bf4708a11b47517baf962f9a02196478bbb10fdb9582add4aa1459fa82380"},
    {file = "python_snappy-0.6.1-cp310-cp310-manylinux_2_12_x86_64.manylinux2010_x86_64.whl", hash = "sha256:8d0c019ee7dcf2c60e240877107cddbd95a5b1081787579bf179938392d66480"},
    {file = "python_snappy-0.6.1-cp310-cp310-manylinux_2_17_aarch64.manylinux2014_aarch64.whl", hash = "sha256:cb18d9cd7b3f35a2f5af47bb8ed6a5bdbf4f3ddee37f3daade4ab7864c292f5b"},
    {file = "python_snappy-0.6.1-cp310-cp310-manylinux_2_17_ppc64le.manylinux2014_ppc64le.whl", hash = "sha256:b265cde49774752aec9ca7f5d272e3f98718164afc85521622a8a5394158a2b5"},
    {file = "python_snappy-0.6.1-cp310-cp310-manylinux_2_17_s390x.manylinux2014_s390x.whl", hash = "sha256:d017775851a778ec9cc32651c4464079d06d927303c2dde9ae9830ccf6fe94e1"},
    {file = "python_snappy-0.6.1-cp310-cp310-win32.whl", hash = "sha256:8277d1f6282463c40761f802b742f833f9f2449fcdbb20a96579aa05c8feb614"},
    {file = "python_snappy-0.6.1-cp310-cp310-win_amd64.whl", hash = "sha256:2aaaf618c68d8c9daebc23a20436bd01b09ee70d7fbf7072b7f38b06d2fab539"},
    {file = "python_snappy-0.6.1-cp36-cp36m-macosx_10_9_x86_64.whl", hash = "sha256:277757d5dad4e239dc1417438a0871b65b1b155beb108888e7438c27ffc6a8cc"},
    {file = "python_snappy-0.6.1-cp36-cp36m-manylinux_2_12_i686.manylinux2010_i686.whl", hash = "sha256:e066a0586833d610c4bbddba0be5ba0e3e4f8e0bc5bb6d82103d8f8fc47bb59a"},
    {file = "python_snappy-0.6.1-cp36-cp36m-manylinux_2_12_x86_64.manylinux2010_x86_64.whl", hash = "sha256:0d489b50f49433494160c45048fe806de6b3aeab0586e497ebd22a0bab56e427"},
    {file = "python_snappy-0.6.1-cp36-cp36m-manylinux_2_17_aarch64.manylinux2014_aarch64.whl", hash = "sha256:463fd340a499d47b26ca42d2f36a639188738f6e2098c6dbf80aef0e60f461e1"},
    {file = "python_snappy-0.6.1-cp36-cp36m-manylinux_2_17_ppc64le.manylinux2014_ppc64le.whl", hash = "sha256:9837ac1650cc68d22a3cf5f15fb62c6964747d16cecc8b22431f113d6e39555d"},
    {file = "python_snappy-0.6.1-cp36-cp36m-manylinux_2_17_s390x.manylinux2014_s390x.whl", hash = "sha256:5e973e637112391f05581f427659c05b30b6843bc522a65be35ac7b18ce3dedd"},
    {file = "python_snappy-0.6.1-cp36-cp36m-win32.whl", hash = "sha256:c20498bd712b6e31a4402e1d027a1cd64f6a4a0066a3fe3c7344475886d07fdf"},
    {file = "python_snappy-0.6.1-cp36-cp36m-win_amd64.whl", hash = "sha256:59e975be4206cc54d0a112ef72fa3970a57c2b1bcc2c97ed41d6df0ebe518228"},
    {file = "python_snappy-0.6.1-cp37-cp37m-macosx_10_9_x86_64.whl", hash = "sha256:2a7e528ab6e09c0d67dcb61a1730a292683e5ff9bb088950638d3170cf2a0a54"},
    {file = "python_snappy-0.6.1-cp37-cp37m-manylinux_2_12_i686.manylinux2010_i686.whl", hash = "sha256:39692bedbe0b717001a99915ac0eb2d9d0bad546440d392a2042b96d813eede1"},
    {file = "python_snappy-0.6.1-cp37-cp37m-manylinux_2_12_x86_64.manylinux2010_x86_64.whl", hash = "sha256:6a7620404da966f637b9ce8d4d3d543d363223f7a12452a575189c5355fc2d25"},
    {file = "python_snappy-0.6.1-cp37-cp37m-manylinux_2_17_aarch64.manylinux2014_aarch64.whl", hash = "sha256:7778c224efc38a40d274da4eb82a04cac27aae20012372a7db3c4bbd8926c4d4"},
    {file = "python_snappy-0.6.1-cp37-cp37m-manylinux_2_17_ppc64le.manylinux2014_ppc64le.whl", hash = "sha256:1d029f7051ec1bbeaa3e03030b6d8ed47ceb69cae9016f493c802a08af54e026"},
    {file = "python_snappy-0.6.1-cp37-cp37m-manylinux_2_17_s390x.manylinux2014_s390x.whl", hash = "sha256:a0ad38bc98d0b0497a0b0dbc29409bcabfcecff4511ed7063403c86de16927bc"},
    {file = "python_snappy-0.6.1-cp37-cp37m-win32.whl", hash = "sha256:5a453c45178d7864c1bdd6bfe0ee3ed2883f63b9ba2c9bb967c6b586bf763f96"},
    {file = "python_snappy-0.6.1-cp37-cp37m-win_amd64.whl", hash = "sha256:9f0c0d88b84259f93c3aa46398680646f2c23e43394779758d9f739c34e15295"},
    {file = "python_snappy-0.6.1-cp38-cp38-macosx_10_9_universal2.whl", hash = "sha256:5bb05c28298803a74add08ba496879242ef159c75bc86a5406fac0ffc7dd021b"},
    {file = "python_snappy-0.6.1-cp38-cp38-macosx_10_9_x86_64.whl", hash = "sha256:9eac51307c6a1a38d5f86ebabc26a889fddf20cbba7a116ccb54ba1446601d5b"},
    {file = "python_snappy-0.6.1-cp38-cp38-manylinux_2_12_i686.manylinux2010_i686.whl", hash = "sha256:88b6ea78b83d2796f330b0af1b70cdd3965dbdab02d8ac293260ec2c8fe340ee"},
    {file = "python_snappy-0.6.1-cp38-cp38-manylinux_2_12_x86_64.manylinux2010_x86_64.whl", hash = "sha256:8c07220408d3268e8268c9351c5c08041bc6f8c6172e59d398b71020df108541"},
    {file = "python_snappy-0.6.1-cp38-cp38-manylinux_2_17_aarch64.manylinux2014_aarch64.whl", hash = "sha256:4038019b1bcaadde726a57430718394076c5a21545ebc5badad2c045a09546cf"},
    {file = "python_snappy-0.6.1-cp38-cp38-manylinux_2_17_ppc64le.manylinux2014_ppc64le.whl", hash = "sha256:dc96668d9c7cc656609764275c5f8da58ef56d89bdd6810f6923d36497468ff7"},
    {file = "python_snappy-0.6.1-cp38-cp38-manylinux_2_17_s390x.manylinux2014_s390x.whl", hash = "sha256:cf5bb9254e1c38aacf253d510d3d9be631bba21f3d068b17672b38b5cbf2fff5"},
    {file = "python_snappy-0.6.1-cp38-cp38-win32.whl", hash = "sha256:eaf905a580f2747c4a474040a5063cd5e0cc3d1d2d6edb65f28196186493ad4a"},
    {file = "python_snappy-0.6.1-cp38-cp38-win_amd64.whl", hash = "sha256:546c1a7470ecbf6239101e9aff0f709b68ca0f0268b34d9023019a55baa1f7c6"},
    {file = "python_snappy-0.6.1-cp39-cp39-macosx_10_9_universal2.whl", hash = "sha256:e3a013895c64352b49d0d8e107a84f99631b16dbab156ded33ebf0becf56c8b2"},
    {file = "python_snappy-0.6.1-cp39-cp39-macosx_10_9_x86_64.whl", hash = "sha256:3fb9a88a4dd6336488f3de67ce75816d0d796dce53c2c6e4d70e0b565633c7fd"},
    {file = "python_snappy-0.6.1-cp39-cp39-manylinux_2_12_i686.manylinux2010_i686.whl", hash = "sha256:735cd4528c55dbe4516d6d2b403331a99fc304f8feded8ae887cf97b67d589bb"},
    {file = "python_snappy-0.6.1-cp39-cp39-manylinux_2_12_x86_64.manylinux2010_x86_64.whl", hash = "sha256:90b0186516b7a101c14764b0c25931b741fb0102f21253eff67847b4742dfc72"},
    {file = "python_snappy-0.6.1-cp39-cp39-manylinux_2_17_aarch64.manylinux2014_aarch64.whl", hash = "sha256:1a993dc8aadd901915a510fe6af5f20ae4256f527040066c22a154db8946751f"},
    {file = "python_snappy-0.6.1-cp39-cp39-manylinux_2_17_ppc64le.manylinux2014_ppc64le.whl", hash = "sha256:530bfb9efebcc1aab8bb4ebcbd92b54477eed11f6cf499355e882970a6d3aa7d"},
    {file = "python_snappy-0.6.1-cp39-cp39-manylinux_2_17_s390x.manylinux2014_s390x.whl", hash = "sha256:5843feb914796b1f0405ccf31ea0fb51034ceb65a7588edfd5a8250cb369e3b2"},
    {file = "python_snappy-0.6.1-cp39-cp39-win32.whl", hash = "sha256:66c80e9b366012dbee262bb1869e4fc5ba8786cda85928481528bc4a72ec2ee8"},
    {file = "python_snappy-0.6.1-cp39-cp39-win_amd64.whl", hash = "sha256:4d3cafdf454354a621c8ab7408e45aa4e9d5c0b943b61ff4815f71ca6bdf0130"},
    {file = "python_snappy-0.6.1-pp37-pypy37_pp73-manylinux_2_12_i686.manylinux2010_i686.whl", hash = "sha256:586724a0276d7a6083a17259d0b51622e492289a9998848a1b01b6441ca12b2f"},
    {file = "python_snappy-0.6.1-pp37-pypy37_pp73-manylinux_2_12_x86_64.manylinux2010_x86_64.whl", hash = "sha256:2be4f4550acd484912441f5f1209ba611ac399aac9355fee73611b9a0d4f949c"},
    {file = "python_snappy-0.6.1-pp37-pypy37_pp73-manylinux_2_17_aarch64.manylinux2014_aarch64.whl", hash = "sha256:0bdb6942180660bda7f7d01f4c0def3cfc72b1c6d99aad964801775a3e379aba"},
    {file = "python_snappy-0.6.1-pp37-pypy37_pp73-win_amd64.whl", hash = "sha256:03bb511380fca2a13325b6f16fe8234c8e12da9660f0258cd45d9a02ffc916af"},
]

[[package]]
name = "pytz"
version = "2023.3"
description = "World timezone definitions, modern and historical"
optional = false
python-versions = "*"
files = [
    {file = "pytz-2023.3-py2.py3-none-any.whl", hash = "sha256:a151b3abb88eda1d4e34a9814df37de2a80e301e68ba0fd856fb9b46bfbbbffb"},
    {file = "pytz-2023.3.tar.gz", hash = "sha256:1d8ce29db189191fb55338ee6d0387d82ab59f3d00eac103412d64e0ebd0c588"},
]

[[package]]
name = "sqlparse"
version = "0.4.4"
description = "A non-validating SQL parser."
optional = false
python-versions = ">=3.5"
files = [
    {file = "sqlparse-0.4.4-py3-none-any.whl", hash = "sha256:5430a4fe2ac7d0f93e66f1efc6e1338a41884b7ddf2a350cedd20ccc4d9d28f3"},
    {file = "sqlparse-0.4.4.tar.gz", hash = "sha256:d446183e84b8349fa3061f0fe7f06ca94ba65b426946ffebe6e3e8295332420c"},
]

[package.extras]
dev = ["build", "flake8"]
doc = ["sphinx"]
test = ["pytest", "pytest-cov"]

[[package]]
name = "typing-extensions"
version = "4.7.1"
description = "Backported and Experimental Type Hints for Python 3.7+"
optional = false
python-versions = ">=3.7"
files = [
    {file = "typing_extensions-4.7.1-py3-none-any.whl", hash = "sha256:440d5dd3af93b060174bf433bccd69b0babc3b15b1a8dca43789fd7f61514b36"},
    {file = "typing_extensions-4.7.1.tar.gz", hash = "sha256:b75ddc264f0ba5615db7ba217daeb99701ad295353c45f9e95963337ceeeffb2"},
]

[[package]]
name = "tzdata"
version = "2023.3"
description = "Provider of IANA time zone data"
optional = false
python-versions = ">=2"
files = [
    {file = "tzdata-2023.3-py2.py3-none-any.whl", hash = "sha256:7e65763eef3120314099b6939b5546db7adce1e7d6f2e179e3df563c70511eda"},
    {file = "tzdata-2023.3.tar.gz", hash = "sha256:11ef1e08e54acb0d4f95bdb1be05da659673de4acbd21bf9c69e94cc5e907a3a"},
]

[[package]]
name = "winkerberos"
version = "0.9.1"
description = "High level interface to SSPI for Kerberos client auth"
optional = false
python-versions = ">=2.7, !=3.0.*, !=3.1.*, !=3.2.*, !=3.3.*, !=3.4.*"
files = [
    {file = "winkerberos-0.9.1-cp27-cp27m-win32.whl", hash = "sha256:aba3190d8c1f1bb876f398346ff7d7c2e173046a1653086dad638dc3b16cccdf"},
    {file = "winkerberos-0.9.1-cp27-cp27m-win_amd64.whl", hash = "sha256:53c5109e95b9cf0a80198ee6953d6263b0c8d254cc3815e9091cff4544ab4697"},
    {file = "winkerberos-0.9.1-cp310-cp310-win32.whl", hash = "sha256:4565476111ec30a9def8f4c31bb937e165ab9862ad11ffa700f431f0d4941030"},
    {file = "winkerberos-0.9.1-cp310-cp310-win_amd64.whl", hash = "sha256:59499e9682961ea784fa41b85af499b699f2ff5f3a07fde30a51ce33d509fa96"},
    {file = "winkerberos-0.9.1-cp311-cp311-win32.whl", hash = "sha256:26716c91900f19c8990d6e77026e1b1686e5bdb22ac829c87781ff80eba4603d"},
    {file = "winkerberos-0.9.1-cp311-cp311-win_amd64.whl", hash = "sha256:60e47a551db0431a2e98b46ef9d9b59a70df0c0c450af0172747da7083573122"},
    {file = "winkerberos-0.9.1-cp35-cp35m-win32.whl", hash = "sha256:044b7358cd34de6ae34c76aa48a40607e6f63835ff319516662c1c65f84f2feb"},
    {file = "winkerberos-0.9.1-cp35-cp35m-win_amd64.whl", hash = "sha256:630cb3a5789532e3adac03ab51bc2fc2288cae70d39259a6bdd409d2a3c8b936"},
    {file = "winkerberos-0.9.1-cp36-cp36m-win32.whl", hash = "sha256:45cf5084640888ad025a6f6f9e1fb313e03d626101c1bcca6e82214d7e9c5ee3"},
    {file = "winkerberos-0.9.1-cp36-cp36m-win_amd64.whl", hash = "sha256:bf3e4aab04673660a8731fab527c4a838cfdfa935deada6cef0df8f8e9a6cd4d"},
    {file = "winkerberos-0.9.1-cp37-cp37m-win32.whl", hash = "sha256:024657b9861f057a90f10fcc94de2ac7bf1d2d84b7f51386f68f1d77c99f58c7"},
    {file = "winkerberos-0.9.1-cp37-cp37m-win_amd64.whl", hash = "sha256:773ba1ef924de8ad9c8c1dc24bfaa40e1182f9978e46d2dcb98856c4ab069ce4"},
    {file = "winkerberos-0.9.1-cp38-cp38-win32.whl", hash = "sha256:167d0c58741d5624518aa94694e079831a9b1de1b99b1f901330c18c785d00f7"},
    {file = "winkerberos-0.9.1-cp38-cp38-win_amd64.whl", hash = "sha256:fb29dd36c0d7fd66c6abefe7871aecbd1fda00cb38e972fad668a9558e531a12"},
    {file = "winkerberos-0.9.1-cp39-cp39-win32.whl", hash = "sha256:484a23369cf461fdfa6d88d8c238e7129a469f7c961f257c8f5668536d9c2df9"},
    {file = "winkerberos-0.9.1-cp39-cp39-win_amd64.whl", hash = "sha256:9842854fa5527b72720e2911f1b6008736baacaf3df1a60bfe62a0aaf0f037ff"},
    {file = "winkerberos-0.9.1.zip", hash = "sha256:02ec925c2aa4fe4f7656792a76e346d8fab13e12ced2732354a21958adfe92c6"},
]

[metadata]
lock-version = "2.0"
python-versions = "^3.11"
content-hash = "f0c0dd773234bc082fb1abe9582dd69c16dc67a2ecd6f9ba8f57e7f029de1869"
